
Microsoft Visual Studio Solution File, Format Version 12.00
# Visual Studio Version 16
VisualStudioVersion = 16.0.29424.173
MinimumVisualStudioVersion = 10.0.40219.1
Project("{9A19103F-16F7-4668-BE54-9A1E7A4F7556}") = "SIS.HTTP", "SIS.HTTP\SIS.HTTP.csproj", "{D1EE0F11-5770-4B5C-BCDA-88CE4A45AE0B}"
EndProject
Project("{9A19103F-16F7-4668-BE54-9A1E7A4F7556}") = "SIS.MvcFramework", "SIS.MvcFramework\SIS.MvcFramework.csproj", "{6D305763-5EF0-4F72-A1AF-2E0B90C73D9B}"
EndProject
Project("{9A19103F-16F7-4668-BE54-9A1E7A4F7556}") = "SulsApp", "SulsApp\SulsApp.csproj", "{B42E7EC6-8672-4C11-AFE5-FD480546FA54}"
EndProject
Project("{9A19103F-16F7-4668-BE54-9A1E7A4F7556}") = "SIS.MvcFramework.Tests", "SIS.MvcFramework.Tests\SIS.MvcFramework.Tests.csproj", "{709BDDEA-C69F-46C4-8C86-B45F91513CE1}"
EndProject
Project("{9A19103F-16F7-4668-BE54-9A1E7A4F7556}") = "IRunes", "IRunes\IRunes.csproj", "{D88AAF07-6535-49B0-A8FA-83471E1ADFD0}"
EndProject
Project("{9A19103F-16F7-4668-BE54-9A1E7A4F7556}") = "Andreys", "Andreys\Andreys.csproj", "{359B31C2-08E4-47F0-8E0D-D82BCC576880}"
EndProject
Project("{FAE04EC0-301F-11D3-BF4B-00C04F79EFBC}") = "SharedTrip", "SharedTrip\SharedTrip.csproj", "{9A88B57C-D42C-46B9-B2A5-4FAB631E1F3E}"
EndProject
Global
	GlobalSection(SolutionConfigurationPlatforms) = preSolution
		Debug|Any CPU = Debug|Any CPU
		Release|Any CPU = Release|Any CPU
	EndGlobalSection
	GlobalSection(ProjectConfigurationPlatforms) = postSolution
		{D1EE0F11-5770-4B5C-BCDA-88CE4A45AE0B}.Debug|Any CPU.ActiveCfg = Debug|Any CPU
		{D1EE0F11-5770-4B5C-BCDA-88CE4A45AE0B}.Debug|Any CPU.Build.0 = Debug|Any CPU
		{D1EE0F11-5770-4B5C-BCDA-88CE4A45AE0B}.Release|Any CPU.ActiveCfg = Release|Any CPU
		{D1EE0F11-5770-4B5C-BCDA-88CE4A45AE0B}.Release|Any CPU.Build.0 = Release|Any CPU
		{6D305763-5EF0-4F72-A1AF-2E0B90C73D9B}.Debug|Any CPU.ActiveCfg = Debug|Any CPU
		{6D305763-5EF0-4F72-A1AF-2E0B90C73D9B}.Debug|Any CPU.Build.0 = Debug|Any CPU
		{6D305763-5EF0-4F72-A1AF-2E0B90C73D9B}.Release|Any CPU.ActiveCfg = Release|Any CPU
		{6D305763-5EF0-4F72-A1AF-2E0B90C73D9B}.Release|Any CPU.Build.0 = Release|Any CPU
		{B42E7EC6-8672-4C11-AFE5-FD480546FA54}.Debug|Any CPU.ActiveCfg = Debug|Any CPU
		{B42E7EC6-8672-4C11-AFE5-FD480546FA54}.Debug|Any CPU.Build.0 = Debug|Any CPU
		{B42E7EC6-8672-4C11-AFE5-FD480546FA54}.Release|Any CPU.ActiveCfg = Release|Any CPU
		{B42E7EC6-8672-4C11-AFE5-FD480546FA54}.Release|Any CPU.Build.0 = Release|Any CPU
		{709BDDEA-C69F-46C4-8C86-B45F91513CE1}.Debug|Any CPU.ActiveCfg = Debug|Any CPU
		{709BDDEA-C69F-46C4-8C86-B45F91513CE1}.Debug|Any CPU.Build.0 = Debug|Any CPU
		{709BDDEA-C69F-46C4-8C86-B45F91513CE1}.Release|Any CPU.ActiveCfg = Release|Any CPU
		{709BDDEA-C69F-46C4-8C86-B45F91513CE1}.Release|Any CPU.Build.0 = Release|Any CPU
		{D88AAF07-6535-49B0-A8FA-83471E1ADFD0}.Debug|Any CPU.ActiveCfg = Debug|Any CPU
		{D88AAF07-6535-49B0-A8FA-83471E1ADFD0}.Debug|Any CPU.Build.0 = Debug|Any CPU
		{D88AAF07-6535-49B0-A8FA-83471E1ADFD0}.Release|Any CPU.ActiveCfg = Release|Any CPU
		{D88AAF07-6535-49B0-A8FA-83471E1ADFD0}.Release|Any CPU.Build.0 = Release|Any CPU
		{359B31C2-08E4-47F0-8E0D-D82BCC576880}.Debug|Any CPU.ActiveCfg = Debug|Any CPU
		{359B31C2-08E4-47F0-8E0D-D82BCC576880}.Debug|Any CPU.Build.0 = Debug|Any CPU
		{359B31C2-08E4-47F0-8E0D-D82BCC576880}.Release|Any CPU.ActiveCfg = Release|Any CPU
		{359B31C2-08E4-47F0-8E0D-D82BCC576880}.Release|Any CPU.Build.0 = Release|Any CPU
		{9A88B57C-D42C-46B9-B2A5-4FAB631E1F3E}.Debug|Any CPU.ActiveCfg = Debug|Any CPU
		{9A88B57C-D42C-46B9-B2A5-4FAB631E1F3E}.Debug|Any CPU.Build.0 = Debug|Any CPU
		{9A88B57C-D42C-46B9-B2A5-4FAB631E1F3E}.Release|Any CPU.ActiveCfg = Release|Any CPU
		{9A88B57C-D42C-46B9-B2A5-4FAB631E1F3E}.Release|Any CPU.Build.0 = Release|Any CPU
	EndGlobalSection
	GlobalSection(SolutionProperties) = preSolution
		HideSolutionNode = FALSE
	EndGlobalSection
	GlobalSection(ExtensibilityGlobals) = postSolution
		SolutionGuid = {3D696637-6E75-4C82-8E61-490D275B3539}
	EndGlobalSection
EndGlobal
